
Microsoft Visual Studio Solution File, Format Version 12.00
# Visual Studio Version 17
VisualStudioVersion = 17.0.32014.148
MinimumVisualStudioVersion = 10.0.40219.1
Project("{FAE04EC0-301F-11D3-BF4B-00C04F79EFBC}") = "Swapping two numbers", "Swapping two numbers\Swapping two numbers.csproj", "{A1B23BA8-29C6-477F-8061-9844AFFFD4B4}"
EndProject
Global
	GlobalSection(SolutionConfigurationPlatforms) = preSolution
		Debug|Any CPU = Debug|Any CPU
		Release|Any CPU = Release|Any CPU
	EndGlobalSection
	GlobalSection(ProjectConfigurationPlatforms) = postSolution
		{A1B23BA8-29C6-477F-8061-9844AFFFD4B4}.Debug|Any CPU.ActiveCfg = Debug|Any CPU
		{A1B23BA8-29C6-477F-8061-9844AFFFD4B4}.Debug|Any CPU.Build.0 = Debug|Any CPU
		{A1B23BA8-29C6-477F-8061-9844AFFFD4B4}.Release|Any CPU.ActiveCfg = Release|Any CPU
		{A1B23BA8-29C6-477F-8061-9844AFFFD4B4}.Release|Any CPU.Build.0 = Release|Any CPU
	EndGlobalSection
	GlobalSection(SolutionProperties) = preSolution
		HideSolutionNode = FALSE
	EndGlobalSection
	GlobalSection(ExtensibilityGlobals) = postSolution
		SolutionGuid = {48001CC4-730A-43E7-89A3-0A5F72F19B18}
	EndGlobalSection
EndGlobal
